// !$*UTF8*$!
{
	archiveVersion = 1;
	classes = {
	};
	objectVersion = 50;
	objects = {

/* Begin PBXBuildFile section */
		A0A70C9A25763A4B0073D5FB /* AppDelegate.swift in Sources */ = {isa = PBXBuildFile; fileRef = A0A70C9925763A4B0073D5FB /* AppDelegate.swift */; };
		A0A70C9C25763A4B0073D5FB /* SceneDelegate.swift in Sources */ = {isa = PBXBuildFile; fileRef = A0A70C9B25763A4B0073D5FB /* SceneDelegate.swift */; };
		A0A70C9E25763A4B0073D5FB /* ColorPresenterVC.swift in Sources */ = {isa = PBXBuildFile; fileRef = A0A70C9D25763A4B0073D5FB /* ColorPresenterVC.swift */; };
		A0A70CA125763A4B0073D5FB /* Main.storyboard in Resources */ = {isa = PBXBuildFile; fileRef = A0A70C9F25763A4B0073D5FB /* Main.storyboard */; };
		A0A70CA325763A4E0073D5FB /* Assets.xcassets in Resources */ = {isa = PBXBuildFile; fileRef = A0A70CA225763A4E0073D5FB /* Assets.xcassets */; };
		A0A70CA625763A4E0073D5FB /* LaunchScreen.storyboard in Resources */ = {isa = PBXBuildFile; fileRef = A0A70CA425763A4E0073D5FB /* LaunchScreen.storyboard */; };
		A0A70CB125763A4E0073D5FB /* ColorMagicTests.swift in Sources */ = {isa = PBXBuildFile; fileRef = A0A70CB025763A4E0073D5FB /* ColorMagicTests.swift */; };
		A0A70CBC25763A4E0073D5FB /* ColorMagicUITests.swift in Sources */ = {isa = PBXBuildFile; fileRef = A0A70CBB25763A4E0073D5FB /* ColorMagicUITests.swift */; };
		A0D6F3E1257657E200C8E5BC /* ColorPickerVC.swift in Sources */ = {isa = PBXBuildFile; fileRef = A0D6F3E0257657E200C8E5BC /* ColorPickerVC.swift */; };
		A0D6F3E62576683700C8E5BC /* ColorTransferDelegate.swift in Sources */ = {isa = PBXBuildFile; fileRef = A0D6F3E52576683700C8E5BC /* ColorTransferDelegate.swift */; };
/* End PBXBuildFile section */

/* Begin PBXContainerItemProxy section */
		A0A70CAD25763A4E0073D5FB /* PBXContainerItemProxy */ = {
			isa = PBXContainerItemProxy;
			containerPortal = A0A70C8E25763A4B0073D5FB /* Project object */;
			proxyType = 1;
			remoteGlobalIDString = A0A70C9525763A4B0073D5FB;
			remoteInfo = ColorMagic;
		};
		A0A70CB825763A4E0073D5FB /* PBXContainerItemProxy */ = {
			isa = PBXContainerItemProxy;
			containerPortal = A0A70C8E25763A4B0073D5FB /* Project object */;
			proxyType = 1;
			remoteGlobalIDString = A0A70C9525763A4B0073D5FB;
			remoteInfo = ColorMagic;
		};
/* End PBXContainerItemProxy section */

/* Begin PBXFileReference section */
		A0A70C9625763A4B0073D5FB /* ColorMagic.app */ = {isa = PBXFileReference; explicitFileType = wrapper.application; includeInIndex = 0; path = ColorMagic.app; sourceTree = BUILT_PRODUCTS_DIR; };
		A0A70C9925763A4B0073D5FB /* AppDelegate.swift */ = {isa = PBXFileReference; lastKnownFileType = sourcecode.swift; path = AppDelegate.swift; sourceTree = "<group>"; };
		A0A70C9B25763A4B0073D5FB /* SceneDelegate.swift */ = {isa = PBXFileReference; lastKnownFileType = sourcecode.swift; path = SceneDelegate.swift; sourceTree = "<group>"; };
		A0A70C9D25763A4B0073D5FB /* ColorPresenterVC.swift */ = {isa = PBXFileReference; lastKnownFileType = sourcecode.swift; path = ColorPresenterVC.swift; sourceTree = "<group>"; };
		A0A70CA025763A4B0073D5FB /* Base */ = {isa = PBXFileReference; lastKnownFileType = file.storyboard; name = Base; path = Base.lproj/Main.storyboard; sourceTree = "<group>"; };
		A0A70CA225763A4E0073D5FB /* Assets.xcassets */ = {isa = PBXFileReference; lastKnownFileType = folder.assetcatalog; path = Assets.xcassets; sourceTree = "<group>"; };
		A0A70CA525763A4E0073D5FB /* Base */ = {isa = PBXFileReference; lastKnownFileType = file.storyboard; name = Base; path = Base.lproj/LaunchScreen.storyboard; sourceTree = "<group>"; };
		A0A70CA725763A4E0073D5FB /* Info.plist */ = {isa = PBXFileReference; lastKnownFileType = text.plist.xml; path = Info.plist; sourceTree = "<group>"; };
		A0A70CAC25763A4E0073D5FB /* ColorMagicTests.xctest */ = {isa = PBXFileReference; explicitFileType = wrapper.cfbundle; includeInIndex = 0; path = ColorMagicTests.xctest; sourceTree = BUILT_PRODUCTS_DIR; };
		A0A70CB025763A4E0073D5FB /* ColorMagicTests.swift */ = {isa = PBXFileReference; lastKnownFileType = sourcecode.swift; path = ColorMagicTests.swift; sourceTree = "<group>"; };
		A0A70CB225763A4E0073D5FB /* Info.plist */ = {isa = PBXFileReference; lastKnownFileType = text.plist.xml; path = Info.plist; sourceTree = "<group>"; };
		A0A70CB725763A4E0073D5FB /* ColorMagicUITests.xctest */ = {isa = PBXFileReference; explicitFileType = wrapper.cfbundle; includeInIndex = 0; path = ColorMagicUITests.xctest; sourceTree = BUILT_PRODUCTS_DIR; };
		A0A70CBB25763A4E0073D5FB /* ColorMagicUITests.swift */ = {isa = PBXFileReference; lastKnownFileType = sourcecode.swift; path = ColorMagicUITests.swift; sourceTree = "<group>"; };
		A0A70CBD25763A4E0073D5FB /* Info.plist */ = {isa = PBXFileReference; lastKnownFileType = text.plist.xml; path = Info.plist; sourceTree = "<group>"; };
		A0D6F3E0257657E200C8E5BC /* ColorPickerVC.swift */ = {isa = PBXFileReference; lastKnownFileType = sourcecode.swift; path = ColorPickerVC.swift; sourceTree = "<group>"; };
		A0D6F3E52576683700C8E5BC /* ColorTransferDelegate.swift */ = {isa = PBXFileReference; lastKnownFileType = sourcecode.swift; path = ColorTransferDelegate.swift; sourceTree = "<group>"; };
/* End PBXFileReference section */

/* Begin PBXFrameworksBuildPhase section */
		A0A70C9325763A4B0073D5FB /* Frameworks */ = {
			isa = PBXFrameworksBuildPhase;
			buildActionMask = 2147483647;
			files = (
			);
			runOnlyForDeploymentPostprocessing = 0;
		};
		A0A70CA925763A4E0073D5FB /* Frameworks */ = {
			isa = PBXFrameworksBuildPhase;
			buildActionMask = 2147483647;
			files = (
			);
			runOnlyForDeploymentPostprocessing = 0;
		};
		A0A70CB425763A4E0073D5FB /* Frameworks */ = {
			isa = PBXFrameworksBuildPhase;
			buildActionMask = 2147483647;
			files = (
			);
			runOnlyForDeploymentPostprocessing = 0;
		};
/* End PBXFrameworksBuildPhase section */

/* Begin PBXGroup section */
		A0A70C8D25763A4B0073D5FB = {
			isa = PBXGroup;
			children = (
				A0A70C9825763A4B0073D5FB /* ColorMagic */,
				A0A70CAF25763A4E0073D5FB /* ColorMagicTests */,
				A0A70CBA25763A4E0073D5FB /* ColorMagicUITests */,
				A0A70C9725763A4B0073D5FB /* Products */,
			);
			sourceTree = "<group>";
		};
		A0A70C9725763A4B0073D5FB /* Products */ = {
			isa = PBXGroup;
			children = (
				A0A70C9625763A4B0073D5FB /* ColorMagic.app */,
				A0A70CAC25763A4E0073D5FB /* ColorMagicTests.xctest */,
				A0A70CB725763A4E0073D5FB /* ColorMagicUITests.xctest */,
			);
			name = Products;
			sourceTree = "<group>";
		};
		A0A70C9825763A4B0073D5FB /* ColorMagic */ = {
			isa = PBXGroup;
			children = (
				A0A70C9925763A4B0073D5FB /* AppDelegate.swift */,
				A0A70C9B25763A4B0073D5FB /* SceneDelegate.swift */,
				A0A70C9D25763A4B0073D5FB /* ColorPresenterVC.swift */,
				A0A70C9F25763A4B0073D5FB /* Main.storyboard */,
				A0A70CA225763A4E0073D5FB /* Assets.xcassets */,
				A0A70CA425763A4E0073D5FB /* LaunchScreen.storyboard */,
				A0A70CA725763A4E0073D5FB /* Info.plist */,
				A0D6F3E0257657E200C8E5BC /* ColorPickerVC.swift */,
				A0D6F3E52576683700C8E5BC /* ColorTransferDelegate.swift */,
			);
			path = ColorMagic;
			sourceTree = "<group>";
		};
		A0A70CAF25763A4E0073D5FB /* ColorMagicTests */ = {
			isa = PBXGroup;
			children = (
				A0A70CB025763A4E0073D5FB /* ColorMagicTests.swift */,
				A0A70CB225763A4E0073D5FB /* Info.plist */,
			);
			path = ColorMagicTests;
			sourceTree = "<group>";
		};
		A0A70CBA25763A4E0073D5FB /* ColorMagicUITests */ = {
			isa = PBXGroup;
			children = (
				A0A70CBB25763A4E0073D5FB /* ColorMagicUITests.swift */,
				A0A70CBD25763A4E0073D5FB /* Info.plist */,
			);
			path = ColorMagicUITests;
			sourceTree = "<group>";
		};
/* End PBXGroup section */

/* Begin PBXNativeTarget section */
		A0A70C9525763A4B0073D5FB /* ColorMagic */ = {
			isa = PBXNativeTarget;
			buildConfigurationList = A0A70CC025763A4E0073D5FB /* Build configuration list for PBXNativeTarget "ColorMagic" */;
			buildPhases = (
				A0A70C9225763A4B0073D5FB /* Sources */,
				A0A70C9325763A4B0073D5FB /* Frameworks */,
				A0A70C9425763A4B0073D5FB /* Resources */,
			);
			buildRules = (
			);
			dependencies = (
			);
			name = ColorMagic;
			productName = ColorMagic;
			productReference = A0A70C9625763A4B0073D5FB /* ColorMagic.app */;
			productType = "com.apple.product-type.application";
		};
		A0A70CAB25763A4E0073D5FB /* ColorMagicTests */ = {
			isa = PBXNativeTarget;
			buildConfigurationList = A0A70CC325763A4E0073D5FB /* Build configuration list for PBXNativeTarget "ColorMagicTests" */;
			buildPhases = (
				A0A70CA825763A4E0073D5FB /* Sources */,
				A0A70CA925763A4E0073D5FB /* Frameworks */,
				A0A70CAA25763A4E0073D5FB /* Resources */,
			);
			buildRules = (
			);
			dependencies = (
				A0A70CAE25763A4E0073D5FB /* PBXTargetDependency */,
			);
			name = ColorMagicTests;
			productName = ColorMagicTests;
			productReference = A0A70CAC25763A4E0073D5FB /* ColorMagicTests.xctest */;
			productType = "com.apple.product-type.bundle.unit-test";
		};
		A0A70CB625763A4E0073D5FB /* ColorMagicUITests */ = {
			isa = PBXNativeTarget;
			buildConfigurationList = A0A70CC625763A4E0073D5FB /* Build configuration list for PBXNativeTarget "ColorMagicUITests" */;
			buildPhases = (
				A0A70CB325763A4E0073D5FB /* Sources */,
				A0A70CB425763A4E0073D5FB /* Frameworks */,
				A0A70CB525763A4E0073D5FB /* Resources */,
			);
			buildRules = (
			);
			dependencies = (
				A0A70CB925763A4E0073D5FB /* PBXTargetDependency */,
			);
			name = ColorMagicUITests;
			productName = ColorMagicUITests;
			productReference = A0A70CB725763A4E0073D5FB /* ColorMagicUITests.xctest */;
			productType = "com.apple.product-type.bundle.ui-testing";
		};
/* End PBXNativeTarget section */

/* Begin PBXProject section */
		A0A70C8E25763A4B0073D5FB /* Project object */ = {
			isa = PBXProject;
			attributes = {
				LastSwiftUpdateCheck = 1220;
				LastUpgradeCheck = 1220;
				TargetAttributes = {
					A0A70C9525763A4B0073D5FB = {
						CreatedOnToolsVersion = 12.2;
					};
					A0A70CAB25763A4E0073D5FB = {
						CreatedOnToolsVersion = 12.2;
						TestTargetID = A0A70C9525763A4B0073D5FB;
					};
					A0A70CB625763A4E0073D5FB = {
						CreatedOnToolsVersion = 12.2;
						TestTargetID = A0A70C9525763A4B0073D5FB;
					};
				};
			};
			buildConfigurationList = A0A70C9125763A4B0073D5FB /* Build configuration list for PBXProject "ColorMagic" */;
			compatibilityVersion = "Xcode 9.3";
			developmentRegion = en;
			hasScannedForEncodings = 0;
			knownRegions = (
				en,
				Base,
			);
			mainGroup = A0A70C8D25763A4B0073D5FB;
			productRefGroup = A0A70C9725763A4B0073D5FB /* Products */;
			projectDirPath = "";
			projectRoot = "";
			targets = (
				A0A70C9525763A4B0073D5FB /* ColorMagic */,
				A0A70CAB25763A4E0073D5FB /* ColorMagicTests */,
				A0A70CB625763A4E0073D5FB /* ColorMagicUITests */,
			);
		};
/* End PBXProject section */

/* Begin PBXResourcesBuildPhase section */
		A0A70C9425763A4B0073D5FB /* Resources */ = {
			isa = PBXResourcesBuildPhase;
			buildActionMask = 2147483647;
			files = (
				A0A70CA625763A4E0073D5FB /* LaunchScreen.storyboard in Resources */,
				A0A70CA325763A4E0073D5FB /* Assets.xcassets in Resources */,
				A0A70CA125763A4B0073D5FB /* Main.storyboard in Resources */,
			);
			runOnlyForDeploymentPostprocessing = 0;
		};
		A0A70CAA25763A4E0073D5FB /* Resources */ = {
			isa = PBXResourcesBuildPhase;
			buildActionMask = 2147483647;
			files = (
			);
			runOnlyForDeploymentPostprocessing = 0;
		};
		A0A70CB525763A4E0073D5FB /* Resources */ = {
			isa = PBXResourcesBuildPhase;
			buildActionMask = 2147483647;
			files = (
			);
			runOnlyForDeploymentPostprocessing = 0;
		};
/* End PBXResourcesBuildPhase section */

/* Begin PBXSourcesBuildPhase section */
		A0A70C9225763A4B0073D5FB /* Sources */ = {
			isa = PBXSourcesBuildPhase;
			buildActionMask = 2147483647;
			files = (
				A0D6F3E1257657E200C8E5BC /* ColorPickerVC.swift in Sources */,
				A0A70C9E25763A4B0073D5FB /* ColorPresenterVC.swift in Sources */,
				A0D6F3E62576683700C8E5BC /* ColorTransferDelegate.swift in Sources */,
				A0A70C9A25763A4B0073D5FB /* AppDelegate.swift in Sources */,
				A0A70C9C25763A4B0073D5FB /* SceneDelegate.swift in Sources */,
			);
			runOnlyForDeploymentPostprocessing = 0;
		};
		A0A70CA825763A4E0073D5FB /* Sources */ = {
			isa = PBXSourcesBuildPhase;
			buildActionMask = 2147483647;
			files = (
				A0A70CB125763A4E0073D5FB /* ColorMagicTests.swift in Sources */,
			);
			runOnlyForDeploymentPostprocessing = 0;
		};
		A0A70CB325763A4E0073D5FB /* Sources */ = {
			isa = PBXSourcesBuildPhase;
			buildActionMask = 2147483647;
			files = (
				A0A70CBC25763A4E0073D5FB /* ColorMagicUITests.swift in Sources */,
			);
			runOnlyForDeploymentPostprocessing = 0;
		};
/* End PBXSourcesBuildPhase section */

/* Begin PBXTargetDependency section */
		A0A70CAE25763A4E0073D5FB /* PBXTargetDependency */ = {
			isa = PBXTargetDependency;
			target = A0A70C9525763A4B0073D5FB /* ColorMagic */;
			targetProxy = A0A70CAD25763A4E0073D5FB /* PBXContainerItemProxy */;
		};
		A0A70CB925763A4E0073D5FB /* PBXTargetDependency */ = {
			isa = PBXTargetDependency;
			target = A0A70C9525763A4B0073D5FB /* ColorMagic */;
			targetProxy = A0A70CB825763A4E0073D5FB /* PBXContainerItemProxy */;
		};
/* End PBXTargetDependency section */

/* Begin PBXVariantGroup section */
		A0A70C9F25763A4B0073D5FB /* Main.storyboard */ = {
			isa = PBXVariantGroup;
			children = (
				A0A70CA025763A4B0073D5FB /* Base */,
			);
			name = Main.storyboard;
			sourceTree = "<group>";
		};
		A0A70CA425763A4E0073D5FB /* LaunchScreen.storyboard */ = {
			isa = PBXVariantGroup;
			children = (
				A0A70CA525763A4E0073D5FB /* Base */,
			);
			name = LaunchScreen.storyboard;
			sourceTree = "<group>";
		};
/* End PBXVariantGroup section */

/* Begin XCBuildConfiguration section */
		A0A70CBE25763A4E0073D5FB /* Debug */ = {
			isa = XCBuildConfiguration;
			buildSettings = {
				ALWAYS_SEARCH_USER_PATHS = NO;
				CLANG_ANALYZER_NONNULL = YES;
				CLANG_ANALYZER_NUMBER_OBJECT_CONVERSION = YES_AGGRESSIVE;
				CLANG_CXX_LANGUAGE_STANDARD = "gnu++14";
				CLANG_CXX_LIBRARY = "libc++";
				CLANG_ENABLE_MODULES = YES;
				CLANG_ENABLE_OBJC_ARC = YES;
				CLANG_ENABLE_OBJC_WEAK = YES;
				CLANG_WARN_BLOCK_CAPTURE_AUTORELEASING = YES;
				CLANG_WARN_BOOL_CONVERSION = YES;
				CLANG_WARN_COMMA = YES;
				CLANG_WARN_CONSTANT_CONVERSION = YES;
				CLANG_WARN_DEPRECATED_OBJC_IMPLEMENTATIONS = YES;
				CLANG_WARN_DIRECT_OBJC_ISA_USAGE = YES_ERROR;
				CLANG_WARN_DOCUMENTATION_COMMENTS = YES;
				CLANG_WARN_EMPTY_BODY = YES;
				CLANG_WARN_ENUM_CONVERSION = YES;
				CLANG_WARN_INFINITE_RECURSION = YES;
				CLANG_WARN_INT_CONVERSION = YES;
				CLANG_WARN_NON_LITERAL_NULL_CONVERSION = YES;
				CLANG_WARN_OBJC_IMPLICIT_RETAIN_SELF = YES;
				CLANG_WARN_OBJC_LITERAL_CONVERSION = YES;
				CLANG_WARN_OBJC_ROOT_CLASS = YES_ERROR;
				CLANG_WARN_QUOTED_INCLUDE_IN_FRAMEWORK_HEADER = YES;
				CLANG_WARN_RANGE_LOOP_ANALYSIS = YES;
				CLANG_WARN_STRICT_PROTOTYPES = YES;
				CLANG_WARN_SUSPICIOUS_MOVE = YES;
				CLANG_WARN_UNGUARDED_AVAILABILITY = YES_AGGRESSIVE;
				CLANG_WARN_UNREACHABLE_CODE = YES;
				CLANG_WARN__DUPLICATE_METHOD_MATCH = YES;
				COPY_PHASE_STRIP = NO;
				DEBUG_INFORMATION_FORMAT = dwarf;
				ENABLE_STRICT_OBJC_MSGSEND = YES;
				ENABLE_TESTABILITY = YES;
				GCC_C_LANGUAGE_STANDARD = gnu11;
				GCC_DYNAMIC_NO_PIC = NO;
				GCC_NO_COMMON_BLOCKS = YES;
				GCC_OPTIMIZATION_LEVEL = 0;
				GCC_PREPROCESSOR_DEFINITIONS = (
					"DEBUG=1",
					"$(inherited)",
				);
				GCC_WARN_64_TO_32_BIT_CONVERSION = YES;
				GCC_WARN_ABOUT_RETURN_TYPE = YES_ERROR;
				GCC_WARN_UNDECLARED_SELECTOR = YES;
				GCC_WARN_UNINITIALIZED_AUTOS = YES_AGGRESSIVE;
				GCC_WARN_UNUSED_FUNCTION = YES;
				GCC_WARN_UNUSED_VARIABLE = YES;
				IPHONEOS_DEPLOYMENT_TARGET = 14.2;
				MTL_ENABLE_DEBUG_INFO = INCLUDE_SOURCE;
				MTL_FAST_MATH = YES;
				ONLY_ACTIVE_ARCH = YES;
				SDKROOT = iphoneos;
				SWIFT_ACTIVE_COMPILATION_CONDITIONS = DEBUG;
				SWIFT_OPTIMIZATION_LEVEL = "-Onone";
			};
			name = Debug;
		};
		A0A70CBF25763A4E0073D5FB /* Release */ = {
			isa = XCBuildConfiguration;
			buildSettings = {
				ALWAYS_SEARCH_USER_PATHS = NO;
				CLANG_ANALYZER_NONNULL = YES;
				CLANG_ANALYZER_NUMBER_OBJECT_CONVERSION = YES_AGGRESSIVE;
				CLANG_CXX_LANGUAGE_STANDARD = "gnu++14";
				CLANG_CXX_LIBRARY = "libc++";
				CLANG_ENABLE_MODULES = YES;
				CLANG_ENABLE_OBJC_ARC = YES;
				CLANG_ENABLE_OBJC_WEAK = YES;
				CLANG_WARN_BLOCK_CAPTURE_AUTORELEASING = YES;
				CLANG_WARN_BOOL_CONVERSION = YES;
				CLANG_WARN_COMMA = YES;
				CLANG_WARN_CONSTANT_CONVERSION = YES;
				CLANG_WARN_DEPRECATED_OBJC_IMPLEMENTATIONS = YES;
				CLANG_WARN_DIRECT_OBJC_ISA_USAGE = YES_ERROR;
				CLANG_WARN_DOCUMENTATION_COMMENTS = YES;
				CLANG_WARN_EMPTY_BODY = YES;
				CLANG_WARN_ENUM_CONVERSION = YES;
				CLANG_WARN_INFINITE_RECURSION = YES;
				CLANG_WARN_INT_CONVERSION = YES;
				CLANG_WARN_NON_LITERAL_NULL_CONVERSION = YES;
				CLANG_WARN_OBJC_IMPLICIT_RETAIN_SELF = YES;
				CLANG_WARN_OBJC_LITERAL_CONVERSION = YES;
				CLANG_WARN_OBJC_ROOT_CLASS = YES_ERROR;
				CLANG_WARN_QUOTED_INCLUDE_IN_FRAMEWORK_HEADER = YES;
				CLANG_WARN_RANGE_LOOP_ANALYSIS = YES;
				CLANG_WARN_STRICT_PROTOTYPES = YES;
				CLANG_WARN_SUSPICIOUS_MOVE = YES;
				CLANG_WARN_UNGUARDED_AVAILABILITY = YES_AGGRESSIVE;
				CLANG_WARN_UNREACHABLE_CODE = YES;
				CLANG_WARN__DUPLICATE_METHOD_MATCH = YES;
				COPY_PHASE_STRIP = NO;
				DEBUG_INFORMATION_FORMAT = "dwarf-with-dsym";
				ENABLE_NS_ASSERTIONS = NO;
				ENABLE_STRICT_OBJC_MSGSEND = YES;
				GCC_C_LANGUAGE_STANDARD = gnu11;
				GCC_NO_COMMON_BLOCKS = YES;
				GCC_WARN_64_TO_32_BIT_CONVERSION = YES;
				GCC_WARN_ABOUT_RETURN_TYPE = YES_ERROR;
				GCC_WARN_UNDECLARED_SELECTOR = YES;
				GCC_WARN_UNINITIALIZED_AUTOS = YES_AGGRESSIVE;
				GCC_WARN_UNUSED_FUNCTION = YES;
				GCC_WARN_UNUSED_VARIABLE = YES;
				IPHONEOS_DEPLOYMENT_TARGET = 14.2;
				MTL_ENABLE_DEBUG_INFO = NO;
				MTL_FAST_MATH = YES;
				SDKROOT = iphoneos;
				SWIFT_COMPILATION_MODE = wholemodule;
				SWIFT_OPTIMIZATION_LEVEL = "-O";
				VALIDATE_PRODUCT = YES;
			};
			name = Release;
		};
		A0A70CC125763A4E0073D5FB /* Debug */ = {
			isa = XCBuildConfiguration;
			buildSettings = {
				ASSETCATALOG_COMPILER_APPICON_NAME = AppIcon;
				ASSETCATALOG_COMPILER_GLOBAL_ACCENT_COLOR_NAME = AccentColor;
				CODE_SIGN_STYLE = Automatic;
				INFOPLIST_FILE = ColorMagic/Info.plist;
				LD_RUNPATH_SEARCH_PATHS = (
					"$(inherited)",
					"@executable_path/Frameworks",
				);
				PRODUCT_BUNDLE_IDENTIFIER = com.Test1.ColorMagic;
				PRODUCT_NAME = "$(TARGET_NAME)";
				SWIFT_VERSION = 5.0;
				TARGETED_DEVICE_FAMILY = "1,2";
			};
			name = Debug;
		};
		A0A70CC225763A4E0073D5FB /* Release */ = {
			isa = XCBuildConfiguration;
			buildSettings = {
				ASSETCATALOG_COMPILER_APPICON_NAME = AppIcon;
				ASSETCATALOG_COMPILER_GLOBAL_ACCENT_COLOR_NAME = AccentColor;
				CODE_SIGN_STYLE = Automatic;
				INFOPLIST_FILE = ColorMagic/Info.plist;
				LD_RUNPATH_SEARCH_PATHS = (
					"$(inherited)",
					"@executable_path/Frameworks",
				);
				PRODUCT_BUNDLE_IDENTIFIER = com.Test1.ColorMagic;
				PRODUCT_NAME = "$(TARGET_NAME)";
				SWIFT_VERSION = 5.0;
				TARGETED_DEVICE_FAMILY = "1,2";
			};
			name = Release;
		};
		A0A70CC425763A4E0073D5FB /* Debug */ = {
			isa = XCBuildConfiguration;
			buildSettings = {
				ALWAYS_EMBED_SWIFT_STANDARD_LIBRARIES = YES;
				BUNDLE_LOADER = "$(TEST_HOST)";
				CODE_SIGN_STYLE = Automatic;
				INFOPLIST_FILE = ColorMagicTests/Info.plist;
				IPHONEOS_DEPLOYMENT_TARGET = 14.2;
				LD_RUNPATH_SEARCH_PATHS = (
					"$(inherited)",
					"@executable_path/Frameworks",
					"@loader_path/Frameworks",
				);
				PRODUCT_BUNDLE_IDENTIFIER = com.Test1.ColorMagicTests;
				PRODUCT_NAME = "$(TARGET_NAME)";
				SWIFT_VERSION = 5.0;
				TARGETED_DEVICE_FAMILY = "1,2";
				TEST_HOST = "$(BUILT_PRODUCTS_DIR)/ColorMagic.app/ColorMagic";
			};
			name = Debug;
		};
		A0A70CC525763A4E0073D5FB /* Release */ = {
			isa = XCBuildConfiguration;
			buildSettings = {
				ALWAYS_EMBED_SWIFT_STANDARD_LIBRARIES = YES;
				BUNDLE_LOADER = "$(TEST_HOST)";
				CODE_SIGN_STYLE = Automatic;
				INFOPLIST_FILE = ColorMagicTests/Info.plist;
				IPHONEOS_DEPLOYMENT_TARGET = 14.2;
				LD_RUNPATH_SEARCH_PATHS = (
					"$(inherited)",
					"@executable_path/Frameworks",
					"@loader_path/Frameworks",
				);
				PRODUCT_BUNDLE_IDENTIFIER = com.Test1.ColorMagicTests;
				PRODUCT_NAME = "$(TARGET_NAME)";
				SWIFT_VERSION = 5.0;
				TARGETED_DEVICE_FAMILY = "1,2";
				TEST_HOST = "$(BUILT_PRODUCTS_DIR)/ColorMagic.app/ColorMagic";
			};
			name = Release;
		};
		A0A70CC725763A4E0073D5FB /* Debug */ = {
			isa = XCBuildConfiguration;
			buildSettings = {
				ALWAYS_EMBED_SWIFT_STANDARD_LIBRARIES = YES;
				CODE_SIGN_STYLE = Automatic;
				INFOPLIST_FILE = ColorMagicUITests/Info.plist;
				LD_RUNPATH_SEARCH_PATHS = (
					"$(inherited)",
					"@executable_path/Frameworks",
					"@loader_path/Frameworks",
				);
				PRODUCT_BUNDLE_IDENTIFIER = com.Test1.ColorMagicUITests;
				PRODUCT_NAME = "$(TARGET_NAME)";
				SWIFT_VERSION = 5.0;
				TARGETED_DEVICE_FAMILY = "1,2";
				TEST_TARGET_NAME = ColorMagic;
			};
			name = Debug;
		};
		A0A70CC825763A4E0073D5FB /* Release */ = {
			isa = XCBuildConfiguration;
			buildSettings = {
				ALWAYS_EMBED_SWIFT_STANDARD_LIBRARIES = YES;
				CODE_SIGN_STYLE = Automatic;
				INFOPLIST_FILE = ColorMagicUITests/Info.plist;
				LD_RUNPATH_SEARCH_PATHS = (
					"$(inherited)",
					"@executable_path/Frameworks",
					"@loader_path/Frameworks",
				);
				PRODUCT_BUNDLE_IDENTIFIER = com.Test1.ColorMagicUITests;
				PRODUCT_NAME = "$(TARGET_NAME)";
				SWIFT_VERSION = 5.0;
				TARGETED_DEVICE_FAMILY = "1,2";
				TEST_TARGET_NAME = ColorMagic;
			};
			name = Release;
		};
/* End XCBuildConfiguration section */

/* Begin XCConfigurationList section */
		A0A70C9125763A4B0073D5FB /* Build configuration list for PBXProject "ColorMagic" */ = {
			isa = XCConfigurationList;
			buildConfigurations = (
				A0A70CBE25763A4E0073D5FB /* Debug */,
				A0A70CBF25763A4E0073D5FB /* Release */,
			);
			defaultConfigurationIsVisible = 0;
			defaultConfigurationName = Release;
		};
		A0A70CC025763A4E0073D5FB /* Build configuration list for PBXNativeTarget "ColorMagic" */ = {
			isa = XCConfigurationList;
			buildConfigurations = (
				A0A70CC125763A4E0073D5FB /* Debug */,
				A0A70CC225763A4E0073D5FB /* Release */,
			);
			defaultConfigurationIsVisible = 0;
			defaultConfigurationName = Release;
		};
		A0A70CC325763A4E0073D5FB /* Build configuration list for PBXNativeTarget "ColorMagicTests" */ = {
			isa = XCConfigurationList;
			buildConfigurations = (
				A0A70CC425763A4E0073D5FB /* Debug */,
				A0A70CC525763A4E0073D5FB /* Release */,
			);
			defaultConfigurationIsVisible = 0;
			defaultConfigurationName = Release;
		};
		A0A70CC625763A4E0073D5FB /* Build configuration list for PBXNativeTarget "ColorMagicUITests" */ = {
			isa = XCConfigurationList;
			buildConfigurations = (
				A0A70CC725763A4E0073D5FB /* Debug */,
				A0A70CC825763A4E0073D5FB /* Release */,
			);
			defaultConfigurationIsVisible = 0;
			defaultConfigurationName = Release;
		};
/* End XCConfigurationList section */
	};
	rootObject = A0A70C8E25763A4B0073D5FB /* Project object */;
}
